
Microsoft Visual Studio Solution File, Format Version 12.00
# Visual Studio Version 16
VisualStudioVersion = 16.0.29709.97
MinimumVisualStudioVersion = 10.0.40219.1
Project("{FAE04EC0-301F-11D3-BF4B-00C04F79EFBC}") = "ConsoleApp-05-Lambda", "ConsoleApp-05-Lambda\ConsoleApp-05-Lambda.csproj", "{B8B0B0D4-F751-400A-BA36-5E4BE6245EC1}"
EndProject
Global
	GlobalSection(SolutionConfigurationPlatforms) = preSolution
		Debug|Any CPU = Debug|Any CPU
		Release|Any CPU = Release|Any CPU
	EndGlobalSection
	GlobalSection(ProjectConfigurationPlatforms) = postSolution
		{B8B0B0D4-F751-400A-BA36-5E4BE6245EC1}.Debug|Any CPU.ActiveCfg = Debug|Any CPU
		{B8B0B0D4-F751-400A-BA36-5E4BE6245EC1}.Debug|Any CPU.Build.0 = Debug|Any CPU
		{B8B0B0D4-F751-400A-BA36-5E4BE6245EC1}.Release|Any CPU.ActiveCfg = Release|Any CPU
		{B8B0B0D4-F751-400A-BA36-5E4BE6245EC1}.Release|Any CPU.Build.0 = Release|Any CPU
	EndGlobalSection
	GlobalSection(SolutionProperties) = preSolution
		HideSolutionNode = FALSE
	EndGlobalSection
	GlobalSection(ExtensibilityGlobals) = postSolution
		SolutionGuid = {EAADD71B-24D2-4DDE-AE56-80D9E6526B4B}
	EndGlobalSection
EndGlobal
