
Microsoft Visual Studio Solution File, Format Version 12.00
# Visual Studio Version 16
VisualStudioVersion = 16.0.29709.97
MinimumVisualStudioVersion = 10.0.40219.1
Project("{FAE04EC0-301F-11D3-BF4B-00C04F79EFBC}") = "ClassLibrary_13_MOQ_AddressChanger_MainCode", "ClassLibrary_13_MOQ_AddressChanger_MainCode\ClassLibrary_13_MOQ_AddressChanger_MainCode.csproj", "{BA0CB8F4-3B41-4D5E-AC9F-269841C439A6}"
EndProject
Project("{FAE04EC0-301F-11D3-BF4B-00C04F79EFBC}") = "UnitTests", "UnitTests\UnitTests.csproj", "{E67EC138-1077-49F5-9CAB-7E2E6C4F8B00}"
EndProject
Global
	GlobalSection(SolutionConfigurationPlatforms) = preSolution
		Debug|Any CPU = Debug|Any CPU
		Release|Any CPU = Release|Any CPU
	EndGlobalSection
	GlobalSection(ProjectConfigurationPlatforms) = postSolution
		{BA0CB8F4-3B41-4D5E-AC9F-269841C439A6}.Debug|Any CPU.ActiveCfg = Debug|Any CPU
		{BA0CB8F4-3B41-4D5E-AC9F-269841C439A6}.Debug|Any CPU.Build.0 = Debug|Any CPU
		{BA0CB8F4-3B41-4D5E-AC9F-269841C439A6}.Release|Any CPU.ActiveCfg = Release|Any CPU
		{BA0CB8F4-3B41-4D5E-AC9F-269841C439A6}.Release|Any CPU.Build.0 = Release|Any CPU
		{E67EC138-1077-49F5-9CAB-7E2E6C4F8B00}.Debug|Any CPU.ActiveCfg = Debug|Any CPU
		{E67EC138-1077-49F5-9CAB-7E2E6C4F8B00}.Debug|Any CPU.Build.0 = Debug|Any CPU
		{E67EC138-1077-49F5-9CAB-7E2E6C4F8B00}.Release|Any CPU.ActiveCfg = Release|Any CPU
		{E67EC138-1077-49F5-9CAB-7E2E6C4F8B00}.Release|Any CPU.Build.0 = Release|Any CPU
	EndGlobalSection
	GlobalSection(SolutionProperties) = preSolution
		HideSolutionNode = FALSE
	EndGlobalSection
	GlobalSection(ExtensibilityGlobals) = postSolution
		SolutionGuid = {4EF56DC3-E78D-4DFC-B371-B9544BD93577}
	EndGlobalSection
EndGlobal
