
Microsoft Visual Studio Solution File, Format Version 12.00
# Visual Studio Version 16
VisualStudioVersion = 16.0.29709.97
MinimumVisualStudioVersion = 10.0.40219.1
Project("{FAE04EC0-301F-11D3-BF4B-00C04F79EFBC}") = "ConsoleApp_04_Switch", "ConsoleApp_04_Switch\ConsoleApp_04_Switch.csproj", "{DCFEF990-4D91-4697-A1A7-D517E2008E87}"
EndProject
Global
	GlobalSection(SolutionConfigurationPlatforms) = preSolution
		Debug|Any CPU = Debug|Any CPU
		Release|Any CPU = Release|Any CPU
	EndGlobalSection
	GlobalSection(ProjectConfigurationPlatforms) = postSolution
		{DCFEF990-4D91-4697-A1A7-D517E2008E87}.Debug|Any CPU.ActiveCfg = Debug|Any CPU
		{DCFEF990-4D91-4697-A1A7-D517E2008E87}.Debug|Any CPU.Build.0 = Debug|Any CPU
		{DCFEF990-4D91-4697-A1A7-D517E2008E87}.Release|Any CPU.ActiveCfg = Release|Any CPU
		{DCFEF990-4D91-4697-A1A7-D517E2008E87}.Release|Any CPU.Build.0 = Release|Any CPU
	EndGlobalSection
	GlobalSection(SolutionProperties) = preSolution
		HideSolutionNode = FALSE
	EndGlobalSection
	GlobalSection(ExtensibilityGlobals) = postSolution
		SolutionGuid = {3136F16D-1244-4320-9697-D0FA4D9905E5}
	EndGlobalSection
EndGlobal
