
Microsoft Visual Studio Solution File, Format Version 12.00
# Visual Studio Version 16
VisualStudioVersion = 16.0.29709.97
MinimumVisualStudioVersion = 10.0.40219.1
Project("{9A19103F-16F7-4668-BE54-9A1E7A4F7556}") = "MainCode", "MainCode\MainCode.csproj", "{D553D355-9F73-44E3-8183-8E1A634B15BC}"
EndProject
Project("{9A19103F-16F7-4668-BE54-9A1E7A4F7556}") = "UnitTests", "UnitTests\UnitTests.csproj", "{45BE1589-1623-4E53-830B-6491AE9F7103}"
EndProject
Global
	GlobalSection(SolutionConfigurationPlatforms) = preSolution
		Debug|Any CPU = Debug|Any CPU
		Release|Any CPU = Release|Any CPU
	EndGlobalSection
	GlobalSection(ProjectConfigurationPlatforms) = postSolution
		{D553D355-9F73-44E3-8183-8E1A634B15BC}.Debug|Any CPU.ActiveCfg = Debug|Any CPU
		{D553D355-9F73-44E3-8183-8E1A634B15BC}.Debug|Any CPU.Build.0 = Debug|Any CPU
		{D553D355-9F73-44E3-8183-8E1A634B15BC}.Release|Any CPU.ActiveCfg = Release|Any CPU
		{D553D355-9F73-44E3-8183-8E1A634B15BC}.Release|Any CPU.Build.0 = Release|Any CPU
		{45BE1589-1623-4E53-830B-6491AE9F7103}.Debug|Any CPU.ActiveCfg = Debug|Any CPU
		{45BE1589-1623-4E53-830B-6491AE9F7103}.Debug|Any CPU.Build.0 = Debug|Any CPU
		{45BE1589-1623-4E53-830B-6491AE9F7103}.Release|Any CPU.ActiveCfg = Release|Any CPU
		{45BE1589-1623-4E53-830B-6491AE9F7103}.Release|Any CPU.Build.0 = Release|Any CPU
	EndGlobalSection
	GlobalSection(SolutionProperties) = preSolution
		HideSolutionNode = FALSE
	EndGlobalSection
	GlobalSection(ExtensibilityGlobals) = postSolution
		SolutionGuid = {144B4180-9A79-44F0-BAC2-850BCF53F7BF}
	EndGlobalSection
EndGlobal
