
Microsoft Visual Studio Solution File, Format Version 12.00
# Visual Studio Version 16
VisualStudioVersion = 16.0.29709.97
MinimumVisualStudioVersion = 10.0.40219.1
Project("{FAE04EC0-301F-11D3-BF4B-00C04F79EFBC}") = "ClassLibrary-12-TDD-BiggestNumber-MainCode", "ClassLibrary-12-TDD-BiggestNumber-MainCode\ClassLibrary-12-TDD-BiggestNumber-MainCode.csproj", "{0607CA2C-BFEB-41BF-B6A2-7497B991A1FD}"
EndProject
Project("{FAE04EC0-301F-11D3-BF4B-00C04F79EFBC}") = "ClassLibrary-12-TDD-BiggestNumber-UnitTests", "ClassLibrary-12-TDD-BiggestNumber-UnitTests\ClassLibrary-12-TDD-BiggestNumber-UnitTests.csproj", "{DC627B87-FBCC-4721-9DB9-53E6FD01BC3B}"
EndProject
Global
	GlobalSection(SolutionConfigurationPlatforms) = preSolution
		Debug|Any CPU = Debug|Any CPU
		Release|Any CPU = Release|Any CPU
	EndGlobalSection
	GlobalSection(ProjectConfigurationPlatforms) = postSolution
		{0607CA2C-BFEB-41BF-B6A2-7497B991A1FD}.Debug|Any CPU.ActiveCfg = Debug|Any CPU
		{0607CA2C-BFEB-41BF-B6A2-7497B991A1FD}.Debug|Any CPU.Build.0 = Debug|Any CPU
		{0607CA2C-BFEB-41BF-B6A2-7497B991A1FD}.Release|Any CPU.ActiveCfg = Release|Any CPU
		{0607CA2C-BFEB-41BF-B6A2-7497B991A1FD}.Release|Any CPU.Build.0 = Release|Any CPU
		{DC627B87-FBCC-4721-9DB9-53E6FD01BC3B}.Debug|Any CPU.ActiveCfg = Debug|Any CPU
		{DC627B87-FBCC-4721-9DB9-53E6FD01BC3B}.Debug|Any CPU.Build.0 = Debug|Any CPU
		{DC627B87-FBCC-4721-9DB9-53E6FD01BC3B}.Release|Any CPU.ActiveCfg = Release|Any CPU
		{DC627B87-FBCC-4721-9DB9-53E6FD01BC3B}.Release|Any CPU.Build.0 = Release|Any CPU
	EndGlobalSection
	GlobalSection(SolutionProperties) = preSolution
		HideSolutionNode = FALSE
	EndGlobalSection
	GlobalSection(ExtensibilityGlobals) = postSolution
		SolutionGuid = {5873EEFD-A42F-4960-AAAD-9C588297115D}
	EndGlobalSection
EndGlobal
