
Microsoft Visual Studio Solution File, Format Version 12.00
# Visual Studio Version 16
VisualStudioVersion = 16.0.29709.97
MinimumVisualStudioVersion = 10.0.40219.1
Project("{FAE04EC0-301F-11D3-BF4B-00C04F79EFBC}") = "ConsoleApp-08-ProxiDesignPattern", "ConsoleApp-08-ProxiDesignPattern\ConsoleApp-08-ProxiDesignPattern.csproj", "{2A5762B7-1F3F-4747-A99D-04F02C18CB5B}"
EndProject
Global
	GlobalSection(SolutionConfigurationPlatforms) = preSolution
		Debug|Any CPU = Debug|Any CPU
		Release|Any CPU = Release|Any CPU
	EndGlobalSection
	GlobalSection(ProjectConfigurationPlatforms) = postSolution
		{2A5762B7-1F3F-4747-A99D-04F02C18CB5B}.Debug|Any CPU.ActiveCfg = Debug|Any CPU
		{2A5762B7-1F3F-4747-A99D-04F02C18CB5B}.Debug|Any CPU.Build.0 = Debug|Any CPU
		{2A5762B7-1F3F-4747-A99D-04F02C18CB5B}.Release|Any CPU.ActiveCfg = Release|Any CPU
		{2A5762B7-1F3F-4747-A99D-04F02C18CB5B}.Release|Any CPU.Build.0 = Release|Any CPU
	EndGlobalSection
	GlobalSection(SolutionProperties) = preSolution
		HideSolutionNode = FALSE
	EndGlobalSection
	GlobalSection(ExtensibilityGlobals) = postSolution
		SolutionGuid = {10575AC7-C957-43E7-8EFD-713BA96B5FFE}
	EndGlobalSection
EndGlobal
