
Microsoft Visual Studio Solution File, Format Version 12.00
# Visual Studio Version 16
VisualStudioVersion = 16.0.29709.97
MinimumVisualStudioVersion = 10.0.40219.1
Project("{FAE04EC0-301F-11D3-BF4B-00C04F79EFBC}") = "ConsoleApp_04_Ternary", "ConsoleApp_04_Ternary\ConsoleApp_04_Ternary.csproj", "{662832FA-13FA-4261-8718-6B39FC657A1D}"
EndProject
Global
	GlobalSection(SolutionConfigurationPlatforms) = preSolution
		Debug|Any CPU = Debug|Any CPU
		Release|Any CPU = Release|Any CPU
	EndGlobalSection
	GlobalSection(ProjectConfigurationPlatforms) = postSolution
		{662832FA-13FA-4261-8718-6B39FC657A1D}.Debug|Any CPU.ActiveCfg = Debug|Any CPU
		{662832FA-13FA-4261-8718-6B39FC657A1D}.Debug|Any CPU.Build.0 = Debug|Any CPU
		{662832FA-13FA-4261-8718-6B39FC657A1D}.Release|Any CPU.ActiveCfg = Release|Any CPU
		{662832FA-13FA-4261-8718-6B39FC657A1D}.Release|Any CPU.Build.0 = Release|Any CPU
	EndGlobalSection
	GlobalSection(SolutionProperties) = preSolution
		HideSolutionNode = FALSE
	EndGlobalSection
	GlobalSection(ExtensibilityGlobals) = postSolution
		SolutionGuid = {13ACB30D-36E8-480B-A08E-8AD0262C6577}
	EndGlobalSection
EndGlobal
